
Microsoft Visual Studio Solution File, Format Version 12.00
# Visual Studio Version 17
VisualStudioVersion = 17.2.32526.322
MinimumVisualStudioVersion = 10.0.40219.1
Project("{FAE04EC0-301F-11D3-BF4B-00C04F79EFBC}") = "OnlineCheckers.Server", "Server\OnlineCheckers.Server.csproj", "{28637F2A-5192-4859-80C4-7BC576BD7991}"
EndProject
Project("{FAE04EC0-301F-11D3-BF4B-00C04F79EFBC}") = "OnlineCheckers.Client", "Client\OnlineCheckers.Client.csproj", "{DE1B6DF7-D542-4C0B-AF85-38A5567F88EE}"
EndProject
Project("{FAE04EC0-301F-11D3-BF4B-00C04F79EFBC}") = "OnlineCheckers.Shared", "Shared\OnlineCheckers.Shared.csproj", "{E569E3DD-9903-4822-8064-EE7FCD3767A8}"
EndProject
Global
	GlobalSection(SolutionConfigurationPlatforms) = preSolution
		Debug|Any CPU = Debug|Any CPU
		Release|Any CPU = Release|Any CPU
	EndGlobalSection
	GlobalSection(ProjectConfigurationPlatforms) = postSolution
		{28637F2A-5192-4859-80C4-7BC576BD7991}.Debug|Any CPU.ActiveCfg = Debug|Any CPU
		{28637F2A-5192-4859-80C4-7BC576BD7991}.Debug|Any CPU.Build.0 = Debug|Any CPU
		{28637F2A-5192-4859-80C4-7BC576BD7991}.Release|Any CPU.ActiveCfg = Release|Any CPU
		{28637F2A-5192-4859-80C4-7BC576BD7991}.Release|Any CPU.Build.0 = Release|Any CPU
		{DE1B6DF7-D542-4C0B-AF85-38A5567F88EE}.Debug|Any CPU.ActiveCfg = Debug|Any CPU
		{DE1B6DF7-D542-4C0B-AF85-38A5567F88EE}.Debug|Any CPU.Build.0 = Debug|Any CPU
		{DE1B6DF7-D542-4C0B-AF85-38A5567F88EE}.Release|Any CPU.ActiveCfg = Release|Any CPU
		{DE1B6DF7-D542-4C0B-AF85-38A5567F88EE}.Release|Any CPU.Build.0 = Release|Any CPU
		{E569E3DD-9903-4822-8064-EE7FCD3767A8}.Debug|Any CPU.ActiveCfg = Debug|Any CPU
		{E569E3DD-9903-4822-8064-EE7FCD3767A8}.Debug|Any CPU.Build.0 = Debug|Any CPU
		{E569E3DD-9903-4822-8064-EE7FCD3767A8}.Release|Any CPU.ActiveCfg = Release|Any CPU
		{E569E3DD-9903-4822-8064-EE7FCD3767A8}.Release|Any CPU.Build.0 = Release|Any CPU
	EndGlobalSection
	GlobalSection(SolutionProperties) = preSolution
		HideSolutionNode = FALSE
	EndGlobalSection
	GlobalSection(ExtensibilityGlobals) = postSolution
		SolutionGuid = {51627109-D141-44E2-94D3-94F5346C8661}
	EndGlobalSection
EndGlobal
